PODS:
  - DTFoundation/Core (1.7.19)
  - DTFoundation/DTASN1 (1.7.19):
    - DTFoundation/Core
  - Eureka (5.3.6)
  - FavIcon (3.1.0)
  - GreatfireEnvoy (0.1.0):
    - IEnvoyProxy (~> 2.0)
  - IEnvoyProxy (2.0.1)
  - ImageRow (4.1.0):
    - Eureka (~> 5.3.5)
  - MBProgressHUD (1.2.0)
  - SDCAlertView (12.0.4)
  - TUSafariActivity (1.0.4)

DEPENDENCIES:
  - DTFoundation/DTASN1
  - Eureka (~> 5.3)
  - FavIcon (from `https://github.com/tladesignz/FavIcon.git`)
  - GreatfireEnvoy (~> 0.1)
  - ImageRow (~> 4.1)
  - MBProgressHUD (~> 1.2)
  - SDCAlertView (~> 12)
  - TUSafariActivity

SPEC REPOS:
  https://github.com/CocoaPods/Specs.git:
    - DTFoundation
    - Eureka
    - GreatfireEnvoy
    - IEnvoyProxy
    - ImageRow
    - MBProgressHUD
    - SDCAlertView
    - TUSafariActivity

EXTERNAL SOURCES:
  FavIcon:
    :git: https://github.com/tladesignz/FavIcon.git

CHECKOUT OPTIONS:
  FavIcon:
    :commit: 9969d1aaffced321facc66d20c82e7eab2a8aa98
    :git: https://github.com/tladesignz/FavIcon.git

SPEC CHECKSUMS:
  DTFoundation: 76b624967cf5bcaae6bb057d622c536c36ef36d0
  Eureka: 28ad9dec6286cd7cd601fdf8e8df39bb7356a8f4
  FavIcon: 21651b47d8f6b33517973859f85e2cb6f9fcfaee
  GreatfireEnvoy: 6a467155cacac44aa79a7a4645d4e98ab3ac0793
  IEnvoyProxy: 51bc3a4909edcc0eea86841072a1ea2fd49e7b5c
  ImageRow: 880c0f052c5a89c80521b485c86ccf723a124e99
  MBProgressHUD: 3ee5efcc380f6a79a7cc9b363dd669c5e1ae7406
  SDCAlertView: 051ba84cc526eddd546c8b716d41ac08d1577ac1
  TUSafariActivity: afc55a00965377939107ce4fdc7f951f62454546

PODFILE CHECKSUM: 247329eb6577c653d3ee2fa80b5f199867bd02ef

COCOAPODS: 1.15.2
