PODS:
  - DTFoundation/Core (1.7.18)
  - DTFoundation/DTASN1 (1.7.18):
    - DTFoundation/Core
  - Eureka (5.3.6)
  - FavIcon (3.1.0)
  - ImageRow (4.1.0):
    - Eureka (~> 5.3.5)
  - IPtProxy (3.8.1)
  - IPtProxyUI (4.6.1):
    - Eureka (~> 5.3)
    - IPtProxy (~> 3.8.1)
    - IPtProxyUI/App (= 4.6.1)
  - IPtProxyUI/App (4.6.1):
    - Eureka (~> 5.3)
    - IPtProxy (~> 3.8.1)
    - ProgressHUD (~> 14.1)
  - MBProgressHUD (1.2.0)
  - OCMock (3.9.3)
  - OrbotKit (1.1.0)
  - ProgressHUD (14.1.1)
  - SDCAlertView (10.0)
  - Tor/Core (408.11.1)
  - Tor/CTor (408.11.1):
    - Tor/Core
  - Tor/GeoIP (408.11.1):
    - Tor/CTor
  - TUSafariActivity (1.0.4)

DEPENDENCIES:
  - DTFoundation/DTASN1
  - Eureka (~> 5.3)
  - FavIcon (from `https://github.com/tladesignz/FavIcon.git`)
  - ImageRow (~> 4.1)
  - IPtProxyUI (~> 4.6)
  - MBProgressHUD (~> 1.2)
  - OCMock
  - OrbotKit (~> 1.1)
  - SDCAlertView (~> 10)
  - Tor/GeoIP (~> 408.11)
  - TUSafariActivity

SPEC REPOS:
  https://github.com/CocoaPods/Specs.git:
    - DTFoundation
    - Eureka
    - ImageRow
    - IPtProxy
    - IPtProxyUI
    - MBProgressHUD
    - OCMock
    - OrbotKit
    - ProgressHUD
    - SDCAlertView
    - Tor
    - TUSafariActivity

EXTERNAL SOURCES:
  FavIcon:
    :git: https://github.com/tladesignz/FavIcon.git

CHECKOUT OPTIONS:
  FavIcon:
    :commit: 9969d1aaffced321facc66d20c82e7eab2a8aa98
    :git: https://github.com/tladesignz/FavIcon.git

SPEC CHECKSUMS:
  DTFoundation: a53f8cda2489208cbc71c648be177f902ee17536
  Eureka: 28ad9dec6286cd7cd601fdf8e8df39bb7356a8f4
  FavIcon: 21651b47d8f6b33517973859f85e2cb6f9fcfaee
  ImageRow: 880c0f052c5a89c80521b485c86ccf723a124e99
  IPtProxy: d7e37d1faa9b2608b8b5b2743b1a4ae3eb723c5e
  IPtProxyUI: b30db38039f283bdb92ef39c9911ffe64f0f4067
  MBProgressHUD: 3ee5efcc380f6a79a7cc9b363dd669c5e1ae7406
  OCMock: 300b1b1b9155cb6378660b981c2557448830bdc6
  OrbotKit: 5e69508dee1943144fefa18a197fbf2030dfbe36
  ProgressHUD: abb9136ae23c85204236828562cb9a8ec98efb44
  SDCAlertView: 5fbc48cae6d7bf9781097e3f27883924ef3b922c
  Tor: ff5a5dc3f0317e7db8f4e863ac535ae5ff3d8ef1
  TUSafariActivity: afc55a00965377939107ce4fdc7f951f62454546

PODFILE CHECKSUM: e27a31b5488161c981145a21cbedaca24ba6ac2e

COCOAPODS: 1.15.2
